
Microsoft Visual Studio Solution File, Format Version 12.00
# Visual Studio Version 17
VisualStudioVersion = 17.14.36414.22 d17.14
MinimumVisualStudioVersion = 10.0.40219.1
Project("{FAE04EC0-301F-11D3-BF4B-00C04F79EFBC}") = "Excer - 02", "Excer - 02\Excer - 02.csproj", "{D80BB0D8-37F1-40AA-B361-5C92DD7A2BDF}"
EndProject
Global
	GlobalSection(SolutionConfigurationPlatforms) = preSolution
		Debug|Any CPU = Debug|Any CPU
		Release|Any CPU = Release|Any CPU
	EndGlobalSection
	GlobalSection(ProjectConfigurationPlatforms) = postSolution
		{D80BB0D8-37F1-40AA-B361-5C92DD7A2BDF}.Debug|Any CPU.ActiveCfg = Debug|Any CPU
		{D80BB0D8-37F1-40AA-B361-5C92DD7A2BDF}.Debug|Any CPU.Build.0 = Debug|Any CPU
		{D80BB0D8-37F1-40AA-B361-5C92DD7A2BDF}.Release|Any CPU.ActiveCfg = Release|Any CPU
		{D80BB0D8-37F1-40AA-B361-5C92DD7A2BDF}.Release|Any CPU.Build.0 = Release|Any CPU
	EndGlobalSection
	GlobalSection(SolutionProperties) = preSolution
		HideSolutionNode = FALSE
	EndGlobalSection
	GlobalSection(ExtensibilityGlobals) = postSolution
		SolutionGuid = {884A049A-89EB-449E-973A-AC7203183406}
	EndGlobalSection
EndGlobal
